lockfileVersion: '6.0'

settings:
  autoInstallPeers: true
  excludeLinksFromLockfile: false

dependencies:
  elm:
    specifier: 0.19.1-6
    version: 0.19.1-6
  elm-test-rs:
    specifier: 3.0.0-5
    version: 3.0.0-5

packages:

  /@elm_binaries/darwin_arm64@0.19.1-0:
    resolution: {integrity: sha512-mjbsH7BNHEAmoE2SCJFcfk5fIHwFIpxtSgnEAqMsVLpBUFoEtAeX+LQ+N0vSFJB3WAh73+QYx/xSluxxLcL6dA==}
    cpu: [arm64]
    os: [darwin]
    requiresBuild: true
    dev: false
    optional: true

  /@elm_binaries/darwin_x64@0.19.1-0:
    resolution: {integrity: sha512-QGUtrZTPBzaxgi9al6nr+9313wrnUVHuijzUK39UsPS+pa+n6CmWyV/69sHZeX9qy6UfeugE0PzF3qcUiy2GDQ==}
    cpu: [x64]
    os: [darwin]
    requiresBuild: true
    dev: false
    optional: true

  /@elm_binaries/linux_x64@0.19.1-0:
    resolution: {integrity: sha512-T1ZrWVhg2kKAsi8caOd3vp/1A3e21VuCpSG63x8rDie50fHbCytTway9B8WHEdnBFv4mYWiA68dzGxYCiFmU2w==}
    cpu: [x64]
    os: [linux]
    requiresBuild: true
    dev: false
    optional: true

  /@elm_binaries/win32_x64@0.19.1-0:
    resolution: {integrity: sha512-yDleiXqSE9EcqKtd9SkC/4RIW8I71YsXzMPL79ub2bBPHjWTcoyyeBbYjoOB9SxSlArJ74HaoBApzT6hY7Zobg==}
    cpu: [x64]
    os: [win32]
    requiresBuild: true
    dev: false
    optional: true

  /@mattpiz/elm-test-rs-darwin-arm64@3.0.0-1:
    resolution: {integrity: sha512-+8pzcj2CK8NUElWvI4NUwCtn1doLk05NjFRXS9nUluGzgoImy9wwQPLtla5DWgdYOL70UufkwfxJN+0qaQMEpg==}
    cpu: [arm64]
    os: [darwin]
    requiresBuild: true
    dev: false
    optional: true

  /@mattpiz/elm-test-rs-darwin-x64@3.0.0-0:
    resolution: {integrity: sha512-PfUELK7y9UpeZnvKeJBSPbuCbb1I3T0ptZUOnjVIWvAQmg3iov6I79PD2OEP9NtP0iepj+2v2BtgbmZlVrXIZg==}
    cpu: [x64]
    os: [darwin]
    requiresBuild: true
    dev: false
    optional: true

  /@mattpiz/elm-test-rs-linux-arm64@3.0.0-0:
    resolution: {integrity: sha512-BdfQDWtVUFM1NMPa5U5lBKT3gtDSP7KpypdK+R0jRBx51382t5VA5Byb+2Nzc7aXgS6LA1/nvNRtq/jO7Aj2uw==}
    cpu: [arm64]
    os: [linux]
    requiresBuild: true
    dev: false
    optional: true

  /@mattpiz/elm-test-rs-linux-arm@3.0.0-0:
    resolution: {integrity: sha512-VVFq5horhAldLLmz/P2ljLArJkZuuzpjIUVo9KIPA15euesAxM0lzUnj5Bag9kbjZz4T6/YKToXnaxdDdwcitg==}
    cpu: [arm]
    os: [linux]
    requiresBuild: true
    dev: false
    optional: true

  /@mattpiz/elm-test-rs-linux-x64@3.0.0-0:
    resolution: {integrity: sha512-RfOs3KEyPn0yEHjMjka3R99SdR/TtjgnjSsYahLL1mVUaWOHEcdr86iU6CpWScVtY2jMNQLaeudXOcBm6lXIsQ==}
    cpu: [x64]
    os: [linux]
    requiresBuild: true
    dev: false
    optional: true

  /@mattpiz/elm-test-rs-win32-x64@3.0.0-0:
    resolution: {integrity: sha512-7Vr74820XFPwUNrpZVybStPlCTyAjthgnUel23j3fJB2yDm9ydbBSPvLCmngqzkZBAnpX8eruUqDphTx+mR28Q==}
    cpu: [x64]
    os: [win32]
    requiresBuild: true
    dev: false
    optional: true

  /elm-test-rs@3.0.0-5:
    resolution: {integrity: sha512-efTPM54Ly7gm6zfECCYxfueP4TOVrMudae2eturtMBAvp5rlFOkWUL+7VHAsd4AjCvMNw5h7qD+c/RqQDhAH9Q==}
    hasBin: true
    requiresBuild: true
    optionalDependencies:
      '@mattpiz/elm-test-rs-darwin-arm64': 3.0.0-1
      '@mattpiz/elm-test-rs-darwin-x64': 3.0.0-0
      '@mattpiz/elm-test-rs-linux-arm': 3.0.0-0
      '@mattpiz/elm-test-rs-linux-arm64': 3.0.0-0
      '@mattpiz/elm-test-rs-linux-x64': 3.0.0-0
      '@mattpiz/elm-test-rs-win32-x64': 3.0.0-0
    dev: false

  /elm@0.19.1-6:
    resolution: {integrity: sha512-mKYyierHICPdMx/vhiIacdPmTPnh889gjHOZ75ZAoCxo3lZmSWbGP8HMw78wyctJH0HwvTmeKhlYSWboQNYPeQ==}
    engines: {node: '>=7.0.0'}
    hasBin: true
    requiresBuild: true
    optionalDependencies:
      '@elm_binaries/darwin_arm64': 0.19.1-0
      '@elm_binaries/darwin_x64': 0.19.1-0
      '@elm_binaries/linux_x64': 0.19.1-0
      '@elm_binaries/win32_x64': 0.19.1-0
    dev: false
